# @generated by Move, please check-in and do not edit manually.

[move]
version = 3
manifest_digest = "BF36F0AD6A3A15DEC06BE1C0157FB97353F35D63E19B80B9DA45587D4C8EF3CD"
deps_digest = "F8BBB0CCB2491CA29A3DF03D6F92277A4F3574266507ACD77214D37ECA3F3082"
dependencies = [
  { id = "Sui", name = "Sui" },
]

[[move.package]]
id = "MoveStdlib"
source = { git = "https://github.com/MystenLabs/sui.git", rev = "framework/testnet", subdir = "crates/sui-framework/packages/move-stdlib" }

[[move.package]]
id = "Sui"
source = { git = "https://github.com/MystenLabs/sui.git", rev = "framework/testnet", subdir = "crates/sui-framework/packages/sui-framework" }

dependencies = [
  { id = "MoveStdlib", name = "MoveStdlib" },
]

[move.toolchain-version]
compiler-version = "1.43.1"
edition = "2024.beta"
flavor = "sui"

[env]

[env.local]
chain-id = "675c1ede"
original-published-id = "0xeaf0b5bed9f3110355b87dd6d9142365c75fa4a5f45cbfd68a894efa674fe46a"
latest-published-id = "0xeaf0b5bed9f3110355b87dd6d9142365c75fa4a5f45cbfd68a894efa674fe46a"
published-version = "1"
