# @generated by Move, please check-in and do not edit manually.

[move]
version = 3
manifest_digest = "BEC940D9264DA2551BD74D32D19E804FAA185D7F30C3997AFC0EEA106F935059"
deps_digest = "F8BBB0CCB2491CA29A3DF03D6F92277A4F3574266507ACD77214D37ECA3F3082"
dependencies = [
  { id = "Sui", name = "Sui" },
]

[[move.package]]
id = "MoveStdlib"
source = { git = "https://github.com/MystenLabs/sui.git", rev = "framework/testnet", subdir = "crates/sui-framework/packages/move-stdlib" }

[[move.package]]
id = "Sui"
source = { git = "https://github.com/MystenLabs/sui.git", rev = "framework/testnet", subdir = "crates/sui-framework/packages/sui-framework" }

dependencies = [
  { id = "MoveStdlib", name = "MoveStdlib" },
]

[move.toolchain-version]
compiler-version = "1.44.2"
edition = "2024.beta"
flavor = "sui"

[env]

[env.local]
chain-id = "48e91adc"
original-published-id = "0x9ac78703317ce19552d0c85e9822cceacbc17a9e7989e6207a39e367e33729cc"
latest-published-id = "0x9ac78703317ce19552d0c85e9822cceacbc17a9e7989e6207a39e367e33729cc"
published-version = "1"

[env.testnet]
chain-id = "4c78adac"
original-published-id = "0x976e51ed542793c2f51a58246429b548e150679f59f58efc05f4f3e717dafc0c"
latest-published-id = "0x976e51ed542793c2f51a58246429b548e150679f59f58efc05f4f3e717dafc0c"
published-version = "1"

[env.devnet]
chain-id = "b7899290"
original-published-id = "0xabe23c02dc2f44cc9daf021fb05c5c3d542f19ed4483f84c753d48e8d968f77a"
latest-published-id = "0xabe23c02dc2f44cc9daf021fb05c5c3d542f19ed4483f84c753d48e8d968f77a"
published-version = "1"
